# This file is autogenerated, do not edit; changes may be undone by the next 'dep ensure'.


[[projects]]
  name = "github.com/Sirupsen/logrus"
  packages = ["."]
  revision = "c155da19408a8799da419ed3eeb0cb5db0ad5dbc"
  version = "v1.0.5"

[[projects]]
  branch = "master"
  name = "github.com/franela/goblin"
  packages = ["."]
  revision = "a778490884355f67fd7f45812d14086e98315b67"

[[projects]]
  branch = "master"
  name = "golang.org/x/crypto"
  packages = ["ssh/terminal"]
  revision = "80db560fac1fb3e6ac81dbc7f8ae4c061f5257bd"

[[projects]]
  branch = "master"
  name = "golang.org/x/sys"
  packages = [
    "unix",
    "windows"
  ]
  revision = "c488ab1dd8481ef762f96a79a9577c27825be697"

[solve-meta]
  analyzer-name = "dep"
  analyzer-version = 1
  inputs-digest = "4a08177047a5b05bd32eedf71d70c32b4dfa137b40e193a69d568782f3138893"
  solver-name = "gps-cdcl"
  solver-version = 1
